// !$*UTF8*$!
{
	archiveVersion = 1;
	classes = {
	};
	objectVersion = 55;
	objects = {

/* Begin PBXBuildFile section */
		0864DA0828AD1A2400276538 /* AppDelegate.swift in Sources */ = {isa = PBXBuildFile; fileRef = 0864DA0728AD1A2400276538 /* AppDelegate.swift */; };
		0864DA0A28AD1A2400276538 /* SceneDelegate.swift in Sources */ = {isa = PBXBuildFile; fileRef = 0864DA0928AD1A2400276538 /* SceneDelegate.swift */; };
		0864DA0C28AD1A2400276538 /* CalculatorViewController.swift in Sources */ = {isa = PBXBuildFile; fileRef = 0864DA0B28AD1A2400276538 /* CalculatorViewController.swift */; };
		0864DA0F28AD1A2400276538 /* Main.storyboard in Resources */ = {isa = PBXBuildFile; fileRef = 0864DA0D28AD1A2400276538 /* Main.storyboard */; };
		0864DA1428AD1A2600276538 /* Assets.xcassets in Resources */ = {isa = PBXBuildFile; fileRef = 0864DA1328AD1A2600276538 /* Assets.xcassets */; };
		0864DA1728AD1A2600276538 /* LaunchScreen.storyboard in Resources */ = {isa = PBXBuildFile; fileRef = 0864DA1528AD1A2600276538 /* LaunchScreen.storyboard */; };
		0864DA1F28AE2FAF00276538 /* UIColor+HexValue.swift in Sources */ = {isa = PBXBuildFile; fileRef = 0864DA1E28AE2FAF00276538 /* UIColor+HexValue.swift */; };
		0864DA2128AE312D00276538 /* CalculatorTheme.swift in Sources */ = {isa = PBXBuildFile; fileRef = 0864DA2028AE312D00276538 /* CalculatorTheme.swift */; };
		0864DA2328AE3B3200276538 /* MathematicalEquation.swift in Sources */ = {isa = PBXBuildFile; fileRef = 0864DA2228AE3B3200276538 /* MathematicalEquation.swift */; };
		0864DA2B28AE420600276538 /* CalcumateUITests.swift in Sources */ = {isa = PBXBuildFile; fileRef = 0864DA2A28AE420600276538 /* CalcumateUITests.swift */; };
		0864DA2D28AE420600276538 /* CalcumateUITestsLaunchTests.swift in Sources */ = {isa = PBXBuildFile; fileRef = 0864DA2C28AE420600276538 /* CalcumateUITestsLaunchTests.swift */; };
		0864DA3A28AE422E00276538 /* MathematicalEquationTests.swift in Sources */ = {isa = PBXBuildFile; fileRef = 0864DA3928AE422E00276538 /* MathematicalEquationTests.swift */; };
		0864DA4128AE474300276538 /* CalculatorEngine.swift in Sources */ = {isa = PBXBuildFile; fileRef = 0864DA4028AE474300276538 /* CalculatorEngine.swift */; };
		0864DA4A28AE59E200276538 /* MathInputManager.swift in Sources */ = {isa = PBXBuildFile; fileRef = 0864DA4928AE59E200276538 /* MathInputManager.swift */; };
		0864DA4C28AFE30C00276538 /* String+Prefix.swift in Sources */ = {isa = PBXBuildFile; fileRef = 0864DA4B28AFE30C00276538 /* String+Prefix.swift */; };
		0864DA4F28B02B1700276538 /* ColorThemes.swift in Sources */ = {isa = PBXBuildFile; fileRef = 0864DA4E28B02B1700276538 /* ColorThemes.swift */; };
/* End PBXBuildFile section */

/* Begin PBXContainerItemProxy section */
		0864DA2E28AE420600276538 /* PBXContainerItemProxy */ = {
			isa = PBXContainerItemProxy;
			containerPortal = 0864D9FC28AD1A2400276538 /* Project object */;
			proxyType = 1;
			remoteGlobalIDString = 0864DA0328AD1A2400276538;
			remoteInfo = Calcumate;
		};
		0864DA3B28AE422E00276538 /* PBXContainerItemProxy */ = {
			isa = PBXContainerItemProxy;
			containerPortal = 0864D9FC28AD1A2400276538 /* Project object */;
			proxyType = 1;
			remoteGlobalIDString = 0864DA0328AD1A2400276538;
			remoteInfo = Calcumate;
		};
/* End PBXContainerItemProxy section */

/* Begin PBXFileReference section */
		0864DA0428AD1A2400276538 /* Calcumate.app */ = {isa = PBXFileReference; explicitFileType = wrapper.application; includeInIndex = 0; path = Calcumate.app; sourceTree = BUILT_PRODUCTS_DIR; };
		0864DA0728AD1A2400276538 /* AppDelegate.swift */ = {isa = PBXFileReference; lastKnownFileType = sourcecode.swift; path = AppDelegate.swift; sourceTree = "<group>"; };
		0864DA0928AD1A2400276538 /* SceneDelegate.swift */ = {isa = PBXFileReference; lastKnownFileType = sourcecode.swift; path = SceneDelegate.swift; sourceTree = "<group>"; };
		0864DA0B28AD1A2400276538 /* CalculatorViewController.swift */ = {isa = PBXFileReference; lastKnownFileType = sourcecode.swift; path = CalculatorViewController.swift; sourceTree = "<group>"; };
		0864DA0E28AD1A2400276538 /* Base */ = {isa = PBXFileReference; lastKnownFileType = file.storyboard; name = Base; path = Base.lproj/Main.storyboard; sourceTree = "<group>"; };
		0864DA1328AD1A2600276538 /* Assets.xcassets */ = {isa = PBXFileReference; lastKnownFileType = folder.assetcatalog; path = Assets.xcassets; sourceTree = "<group>"; };
		0864DA1628AD1A2600276538 /* Base */ = {isa = PBXFileReference; lastKnownFileType = file.storyboard; name = Base; path = Base.lproj/LaunchScreen.storyboard; sourceTree = "<group>"; };
		0864DA1828AD1A2600276538 /* Info.plist */ = {isa = PBXFileReference; lastKnownFileType = text.plist.xml; path = Info.plist; sourceTree = "<group>"; };
		0864DA1E28AE2FAF00276538 /* UIColor+HexValue.swift */ = {isa = PBXFileReference; lastKnownFileType = sourcecode.swift; path = "UIColor+HexValue.swift"; sourceTree = "<group>"; };
		0864DA2028AE312D00276538 /* CalculatorTheme.swift */ = {isa = PBXFileReference; lastKnownFileType = sourcecode.swift; path = CalculatorTheme.swift; sourceTree = "<group>"; };
		0864DA2228AE3B3200276538 /* MathematicalEquation.swift */ = {isa = PBXFileReference; lastKnownFileType = sourcecode.swift; path = MathematicalEquation.swift; sourceTree = "<group>"; };
		0864DA2828AE420600276538 /* CalcumateUITests.xctest */ = {isa = PBXFileReference; explicitFileType = wrapper.cfbundle; includeInIndex = 0; path = CalcumateUITests.xctest; sourceTree = BUILT_PRODUCTS_DIR; };
		0864DA2A28AE420600276538 /* CalcumateUITests.swift */ = {isa = PBXFileReference; lastKnownFileType = sourcecode.swift; path = CalcumateUITests.swift; sourceTree = "<group>"; };
		0864DA2C28AE420600276538 /* CalcumateUITestsLaunchTests.swift */ = {isa = PBXFileReference; lastKnownFileType = sourcecode.swift; path = CalcumateUITestsLaunchTests.swift; sourceTree = "<group>"; };
		0864DA3728AE422E00276538 /* CalcumateTests.xctest */ = {isa = PBXFileReference; explicitFileType = wrapper.cfbundle; includeInIndex = 0; path = CalcumateTests.xctest; sourceTree = BUILT_PRODUCTS_DIR; };
		0864DA3928AE422E00276538 /* MathematicalEquationTests.swift */ = {isa = PBXFileReference; lastKnownFileType = sourcecode.swift; path = MathematicalEquationTests.swift; sourceTree = "<group>"; };
		0864DA4028AE474300276538 /* CalculatorEngine.swift */ = {isa = PBXFileReference; lastKnownFileType = sourcecode.swift; path = CalculatorEngine.swift; sourceTree = "<group>"; };
		0864DA4928AE59E200276538 /* MathInputManager.swift */ = {isa = PBXFileReference; lastKnownFileType = sourcecode.swift; path = MathInputManager.swift; sourceTree = "<group>"; };
		0864DA4B28AFE30C00276538 /* String+Prefix.swift */ = {isa = PBXFileReference; lastKnownFileType = sourcecode.swift; path = "String+Prefix.swift"; sourceTree = "<group>"; };
		0864DA4E28B02B1700276538 /* ColorThemes.swift */ = {isa = PBXFileReference; lastKnownFileType = sourcecode.swift; path = ColorThemes.swift; sourceTree = "<group>"; };
/* End PBXFileReference section */

/* Begin PBXFrameworksBuildPhase section */
		0864DA0128AD1A2400276538 /* Frameworks */ = {
			isa = PBXFrameworksBuildPhase;
			buildActionMask = 2147483647;
			files = (
			);
			runOnlyForDeploymentPostprocessing = 0;
		};
		0864DA2528AE420600276538 /* Frameworks */ = {
			isa = PBXFrameworksBuildPhase;
			buildActionMask = 2147483647;
			files = (
			);
			runOnlyForDeploymentPostprocessing = 0;
		};
		0864DA3428AE422E00276538 /* Frameworks */ = {
			isa = PBXFrameworksBuildPhase;
			buildActionMask = 2147483647;
			files = (
			);
			runOnlyForDeploymentPostprocessing = 0;
		};
/* End PBXFrameworksBuildPhase section */

/* Begin PBXGroup section */
		0864D9FB28AD1A2400276538 = {
			isa = PBXGroup;
			children = (
				0864DA0628AD1A2400276538 /* Calcumate */,
				0864DA3828AE422E00276538 /* MathEquationTests */,
				0864DA2928AE420600276538 /* CalcumateUITests */,
				0864DA0528AD1A2400276538 /* Products */,
			);
			sourceTree = "<group>";
		};
		0864DA0528AD1A2400276538 /* Products */ = {
			isa = PBXGroup;
			children = (
				0864DA0428AD1A2400276538 /* Calcumate.app */,
				0864DA2828AE420600276538 /* CalcumateUITests.xctest */,
				0864DA3728AE422E00276538 /* CalcumateTests.xctest */,
			);
			name = Products;
			sourceTree = "<group>";
		};
		0864DA0628AD1A2400276538 /* Calcumate */ = {
			isa = PBXGroup;
			children = (
				0864DA4D28AFE3EE00276538 /* Swift Extensions */,
				0864DA4328AE4EA400276538 /* UI layer */,
				0864DA4728AE4F2F00276538 /* Business Logic Layer */,
				0864DA4828AE4F4C00276538 /* Data Layer */,
				0864DA1328AD1A2600276538 /* Assets.xcassets */,
				0864DA1828AD1A2600276538 /* Info.plist */,
			);
			path = Calcumate;
			sourceTree = "<group>";
		};
		0864DA2928AE420600276538 /* CalcumateUITests */ = {
			isa = PBXGroup;
			children = (
				0864DA2A28AE420600276538 /* CalcumateUITests.swift */,
				0864DA2C28AE420600276538 /* CalcumateUITestsLaunchTests.swift */,
			);
			path = CalcumateUITests;
			sourceTree = "<group>";
		};
		0864DA3828AE422E00276538 /* MathEquationTests */ = {
			isa = PBXGroup;
			children = (
				0864DA3928AE422E00276538 /* MathematicalEquationTests.swift */,
			);
			path = MathEquationTests;
			sourceTree = "<group>";
		};
		0864DA4328AE4EA400276538 /* UI layer */ = {
			isa = PBXGroup;
			children = (
				0864DA4428AE4ED600276538 /* UIkit Extensions */,
				0864DA0728AD1A2400276538 /* AppDelegate.swift */,
				0864DA0928AD1A2400276538 /* SceneDelegate.swift */,
				0864DA4628AE4F1600276538 /* ViewControllers */,
				0864DA4528AE4F0300276538 /* Storyboards */,
			);
			path = "UI layer";
			sourceTree = "<group>";
		};
		0864DA4428AE4ED600276538 /* UIkit Extensions */ = {
			isa = PBXGroup;
			children = (
				0864DA1E28AE2FAF00276538 /* UIColor+HexValue.swift */,
			);
			path = "UIkit Extensions";
			sourceTree = "<group>";
		};
		0864DA4528AE4F0300276538 /* Storyboards */ = {
			isa = PBXGroup;
			children = (
				0864DA0D28AD1A2400276538 /* Main.storyboard */,
				0864DA1528AD1A2600276538 /* LaunchScreen.storyboard */,
			);
			path = Storyboards;
			sourceTree = "<group>";
		};
		0864DA4628AE4F1600276538 /* ViewControllers */ = {
			isa = PBXGroup;
			children = (
				0864DA0B28AD1A2400276538 /* CalculatorViewController.swift */,
			);
			path = ViewControllers;
			sourceTree = "<group>";
		};
		0864DA4728AE4F2F00276538 /* Business Logic Layer */ = {
			isa = PBXGroup;
			children = (
				0864DA4028AE474300276538 /* CalculatorEngine.swift */,
				0864DA4928AE59E200276538 /* MathInputManager.swift */,
			);
			path = "Business Logic Layer";
			sourceTree = "<group>";
		};
		0864DA4828AE4F4C00276538 /* Data Layer */ = {
			isa = PBXGroup;
			children = (
				0864DA2028AE312D00276538 /* CalculatorTheme.swift */,
				0864DA4E28B02B1700276538 /* ColorThemes.swift */,
				0864DA2228AE3B3200276538 /* MathematicalEquation.swift */,
			);
			path = "Data Layer";
			sourceTree = "<group>";
		};
		0864DA4D28AFE3EE00276538 /* Swift Extensions */ = {
			isa = PBXGroup;
			children = (
				0864DA4B28AFE30C00276538 /* String+Prefix.swift */,
			);
			path = "Swift Extensions";
			sourceTree = "<group>";
		};
/* End PBXGroup section */

/* Begin PBXNativeTarget section */
		0864DA0328AD1A2400276538 /* Calcumate */ = {
			isa = PBXNativeTarget;
			buildConfigurationList = 0864DA1B28AD1A2600276538 /* Build configuration list for PBXNativeTarget "Calcumate" */;
			buildPhases = (
				0864DA0028AD1A2400276538 /* Sources */,
				0864DA0128AD1A2400276538 /* Frameworks */,
				0864DA0228AD1A2400276538 /* Resources */,
			);
			buildRules = (
			);
			dependencies = (
			);
			name = Calcumate;
			productName = Calcumate;
			productReference = 0864DA0428AD1A2400276538 /* Calcumate.app */;
			productType = "com.apple.product-type.application";
		};
		0864DA2728AE420600276538 /* CalcumateUITests */ = {
			isa = PBXNativeTarget;
			buildConfigurationList = 0864DA3028AE420600276538 /* Build configuration list for PBXNativeTarget "CalcumateUITests" */;
			buildPhases = (
				0864DA2428AE420600276538 /* Sources */,
				0864DA2528AE420600276538 /* Frameworks */,
				0864DA2628AE420600276538 /* Resources */,
			);
			buildRules = (
			);
			dependencies = (
				0864DA2F28AE420600276538 /* PBXTargetDependency */,
			);
			name = CalcumateUITests;
			productName = CalcumateUITests;
			productReference = 0864DA2828AE420600276538 /* CalcumateUITests.xctest */;
			productType = "com.apple.product-type.bundle.ui-testing";
		};
		0864DA3628AE422E00276538 /* CalcumateTests */ = {
			isa = PBXNativeTarget;
			buildConfigurationList = 0864DA3D28AE422E00276538 /* Build configuration list for PBXNativeTarget "CalcumateTests" */;
			buildPhases = (
				0864DA3328AE422E00276538 /* Sources */,
				0864DA3428AE422E00276538 /* Frameworks */,
				0864DA3528AE422E00276538 /* Resources */,
			);
			buildRules = (
			);
			dependencies = (
				0864DA3C28AE422E00276538 /* PBXTargetDependency */,
			);
			name = CalcumateTests;
			productName = CalcumateTests;
			productReference = 0864DA3728AE422E00276538 /* CalcumateTests.xctest */;
			productType = "com.apple.product-type.bundle.unit-test";
		};
/* End PBXNativeTarget section */

/* Begin PBXProject section */
		0864D9FC28AD1A2400276538 /* Project object */ = {
			isa = PBXProject;
			attributes = {
				BuildIndependentTargetsInParallel = 1;
				LastSwiftUpdateCheck = 1340;
				LastUpgradeCheck = 1340;
				TargetAttributes = {
					0864DA0328AD1A2400276538 = {
						CreatedOnToolsVersion = 13.4.1;
					};
					0864DA2728AE420600276538 = {
						CreatedOnToolsVersion = 13.4.1;
						TestTargetID = 0864DA0328AD1A2400276538;
					};
					0864DA3628AE422E00276538 = {
						CreatedOnToolsVersion = 13.4.1;
						TestTargetID = 0864DA0328AD1A2400276538;
					};
				};
			};
			buildConfigurationList = 0864D9FF28AD1A2400276538 /* Build configuration list for PBXProject "Calcumate" */;
			compatibilityVersion = "Xcode 13.0";
			developmentRegion = en;
			hasScannedForEncodings = 0;
			knownRegions = (
				en,
				Base,
			);
			mainGroup = 0864D9FB28AD1A2400276538;
			productRefGroup = 0864DA0528AD1A2400276538 /* Products */;
			projectDirPath = "";
			projectRoot = "";
			targets = (
				0864DA0328AD1A2400276538 /* Calcumate */,
				0864DA2728AE420600276538 /* CalcumateUITests */,
				0864DA3628AE422E00276538 /* CalcumateTests */,
			);
		};
/* End PBXProject section */

/* Begin PBXResourcesBuildPhase section */
		0864DA0228AD1A2400276538 /* Resources */ = {
			isa = PBXResourcesBuildPhase;
			buildActionMask = 2147483647;
			files = (
				0864DA1728AD1A2600276538 /* LaunchScreen.storyboard in Resources */,
				0864DA1428AD1A2600276538 /* Assets.xcassets in Resources */,
				0864DA0F28AD1A2400276538 /* Main.storyboard in Resources */,
			);
			runOnlyForDeploymentPostprocessing = 0;
		};
		0864DA2628AE420600276538 /* Resources */ = {
			isa = PBXResourcesBuildPhase;
			buildActionMask = 2147483647;
			files = (
			);
			runOnlyForDeploymentPostprocessing = 0;
		};
		0864DA3528AE422E00276538 /* Resources */ = {
			isa = PBXResourcesBuildPhase;
			buildActionMask = 2147483647;
			files = (
			);
			runOnlyForDeploymentPostprocessing = 0;
		};
/* End PBXResourcesBuildPhase section */

/* Begin PBXSourcesBuildPhase section */
		0864DA0028AD1A2400276538 /* Sources */ = {
			isa = PBXSourcesBuildPhase;
			buildActionMask = 2147483647;
			files = (
				0864DA1F28AE2FAF00276538 /* UIColor+HexValue.swift in Sources */,
				0864DA2128AE312D00276538 /* CalculatorTheme.swift in Sources */,
				0864DA0C28AD1A2400276538 /* CalculatorViewController.swift in Sources */,
				0864DA4F28B02B1700276538 /* ColorThemes.swift in Sources */,
				0864DA0828AD1A2400276538 /* AppDelegate.swift in Sources */,
				0864DA4C28AFE30C00276538 /* String+Prefix.swift in Sources */,
				0864DA4A28AE59E200276538 /* MathInputManager.swift in Sources */,
				0864DA4128AE474300276538 /* CalculatorEngine.swift in Sources */,
				0864DA2328AE3B3200276538 /* MathematicalEquation.swift in Sources */,
				0864DA0A28AD1A2400276538 /* SceneDelegate.swift in Sources */,
			);
			runOnlyForDeploymentPostprocessing = 0;
		};
		0864DA2428AE420600276538 /* Sources */ = {
			isa = PBXSourcesBuildPhase;
			buildActionMask = 2147483647;
			files = (
				0864DA2D28AE420600276538 /* CalcumateUITestsLaunchTests.swift in Sources */,
				0864DA2B28AE420600276538 /* CalcumateUITests.swift in Sources */,
			);
			runOnlyForDeploymentPostprocessing = 0;
		};
		0864DA3328AE422E00276538 /* Sources */ = {
			isa = PBXSourcesBuildPhase;
			buildActionMask = 2147483647;
			files = (
				0864DA3A28AE422E00276538 /* MathematicalEquationTests.swift in Sources */,
			);
			runOnlyForDeploymentPostprocessing = 0;
		};
/* End PBXSourcesBuildPhase section */

/* Begin PBXTargetDependency section */
		0864DA2F28AE420600276538 /* PBXTargetDependency */ = {
			isa = PBXTargetDependency;
			target = 0864DA0328AD1A2400276538 /* Calcumate */;
			targetProxy = 0864DA2E28AE420600276538 /* PBXContainerItemProxy */;
		};
		0864DA3C28AE422E00276538 /* PBXTargetDependency */ = {
			isa = PBXTargetDependency;
			target = 0864DA0328AD1A2400276538 /* Calcumate */;
			targetProxy = 0864DA3B28AE422E00276538 /* PBXContainerItemProxy */;
		};
/* End PBXTargetDependency section */

/* Begin PBXVariantGroup section */
		0864DA0D28AD1A2400276538 /* Main.storyboard */ = {
			isa = PBXVariantGroup;
			children = (
				0864DA0E28AD1A2400276538 /* Base */,
			);
			name = Main.storyboard;
			sourceTree = "<group>";
		};
		0864DA1528AD1A2600276538 /* LaunchScreen.storyboard */ = {
			isa = PBXVariantGroup;
			children = (
				0864DA1628AD1A2600276538 /* Base */,
			);
			name = LaunchScreen.storyboard;
			sourceTree = "<group>";
		};
/* End PBXVariantGroup section */

/* Begin XCBuildConfiguration section */
		0864DA1928AD1A2600276538 /* Debug */ = {
			isa = XCBuildConfiguration;
			buildSettings = {
				ALWAYS_SEARCH_USER_PATHS = NO;
				CLANG_ANALYZER_NONNULL = YES;
				CLANG_ANALYZER_NUMBER_OBJECT_CONVERSION = YES_AGGRESSIVE;
				CLANG_CXX_LANGUAGE_STANDARD = "gnu++17";
				CLANG_ENABLE_MODULES = YES;
				CLANG_ENABLE_OBJC_ARC = YES;
				CLANG_ENABLE_OBJC_WEAK = YES;
				CLANG_WARN_BLOCK_CAPTURE_AUTORELEASING = YES;
				CLANG_WARN_BOOL_CONVERSION = YES;
				CLANG_WARN_COMMA = YES;
				CLANG_WARN_CONSTANT_CONVERSION = YES;
				CLANG_WARN_DEPRECATED_OBJC_IMPLEMENTATIONS = YES;
				CLANG_WARN_DIRECT_OBJC_ISA_USAGE = YES_ERROR;
				CLANG_WARN_DOCUMENTATION_COMMENTS = YES;
				CLANG_WARN_EMPTY_BODY = YES;
				CLANG_WARN_ENUM_CONVERSION = YES;
				CLANG_WARN_INFINITE_RECURSION = YES;
				CLANG_WARN_INT_CONVERSION = YES;
				CLANG_WARN_NON_LITERAL_NULL_CONVERSION = YES;
				CLANG_WARN_OBJC_IMPLICIT_RETAIN_SELF = YES;
				CLANG_WARN_OBJC_LITERAL_CONVERSION = YES;
				CLANG_WARN_OBJC_ROOT_CLASS = YES_ERROR;
				CLANG_WARN_QUOTED_INCLUDE_IN_FRAMEWORK_HEADER = YES;
				CLANG_WARN_RANGE_LOOP_ANALYSIS = YES;
				CLANG_WARN_STRICT_PROTOTYPES = YES;
				CLANG_WARN_SUSPICIOUS_MOVE = YES;
				CLANG_WARN_UNGUARDED_AVAILABILITY = YES_AGGRESSIVE;
				CLANG_WARN_UNREACHABLE_CODE = YES;
				CLANG_WARN__DUPLICATE_METHOD_MATCH = YES;
				COPY_PHASE_STRIP = NO;
				DEBUG_INFORMATION_FORMAT = dwarf;
				ENABLE_STRICT_OBJC_MSGSEND = YES;
				ENABLE_TESTABILITY = YES;
				GCC_C_LANGUAGE_STANDARD = gnu11;
				GCC_DYNAMIC_NO_PIC = NO;
				GCC_NO_COMMON_BLOCKS = YES;
				GCC_OPTIMIZATION_LEVEL = 0;
				GCC_PREPROCESSOR_DEFINITIONS = (
					"DEBUG=1",
					"$(inherited)",
				);
				GCC_WARN_64_TO_32_BIT_CONVERSION = YES;
				GCC_WARN_ABOUT_RETURN_TYPE = YES_ERROR;
				GCC_WARN_UNDECLARED_SELECTOR = YES;
				GCC_WARN_UNINITIALIZED_AUTOS = YES_AGGRESSIVE;
				GCC_WARN_UNUSED_FUNCTION = YES;
				GCC_WARN_UNUSED_VARIABLE = YES;
				IPHONEOS_DEPLOYMENT_TARGET = 15.5;
				MTL_ENABLE_DEBUG_INFO = INCLUDE_SOURCE;
				MTL_FAST_MATH = YES;
				ONLY_ACTIVE_ARCH = YES;
				SDKROOT = iphoneos;
				SWIFT_ACTIVE_COMPILATION_CONDITIONS = DEBUG;
				SWIFT_OPTIMIZATION_LEVEL = "-Onone";
			};
			name = Debug;
		};
		0864DA1A28AD1A2600276538 /* Release */ = {
			isa = XCBuildConfiguration;
			buildSettings = {
				ALWAYS_SEARCH_USER_PATHS = NO;
				CLANG_ANALYZER_NONNULL = YES;
				CLANG_ANALYZER_NUMBER_OBJECT_CONVERSION = YES_AGGRESSIVE;
				CLANG_CXX_LANGUAGE_STANDARD = "gnu++17";
				CLANG_ENABLE_MODULES = YES;
				CLANG_ENABLE_OBJC_ARC = YES;
				CLANG_ENABLE_OBJC_WEAK = YES;
				CLANG_WARN_BLOCK_CAPTURE_AUTORELEASING = YES;
				CLANG_WARN_BOOL_CONVERSION = YES;
				CLANG_WARN_COMMA = YES;
				CLANG_WARN_CONSTANT_CONVERSION = YES;
				CLANG_WARN_DEPRECATED_OBJC_IMPLEMENTATIONS = YES;
				CLANG_WARN_DIRECT_OBJC_ISA_USAGE = YES_ERROR;
				CLANG_WARN_DOCUMENTATION_COMMENTS = YES;
				CLANG_WARN_EMPTY_BODY = YES;
				CLANG_WARN_ENUM_CONVERSION = YES;
				CLANG_WARN_INFINITE_RECURSION = YES;
				CLANG_WARN_INT_CONVERSION = YES;
				CLANG_WARN_NON_LITERAL_NULL_CONVERSION = YES;
				CLANG_WARN_OBJC_IMPLICIT_RETAIN_SELF = YES;
				CLANG_WARN_OBJC_LITERAL_CONVERSION = YES;
				CLANG_WARN_OBJC_ROOT_CLASS = YES_ERROR;
				CLANG_WARN_QUOTED_INCLUDE_IN_FRAMEWORK_HEADER = YES;
				CLANG_WARN_RANGE_LOOP_ANALYSIS = YES;
				CLANG_WARN_STRICT_PROTOTYPES = YES;
				CLANG_WARN_SUSPICIOUS_MOVE = YES;
				CLANG_WARN_UNGUARDED_AVAILABILITY = YES_AGGRESSIVE;
				CLANG_WARN_UNREACHABLE_CODE = YES;
				CLANG_WARN__DUPLICATE_METHOD_MATCH = YES;
				COPY_PHASE_STRIP = NO;
				DEBUG_INFORMATION_FORMAT = "dwarf-with-dsym";
				ENABLE_NS_ASSERTIONS = NO;
				ENABLE_STRICT_OBJC_MSGSEND = YES;
				GCC_C_LANGUAGE_STANDARD = gnu11;
				GCC_NO_COMMON_BLOCKS = YES;
				GCC_WARN_64_TO_32_BIT_CONVERSION = YES;
				GCC_WARN_ABOUT_RETURN_TYPE = YES_ERROR;
				GCC_WARN_UNDECLARED_SELECTOR = YES;
				GCC_WARN_UNINITIALIZED_AUTOS = YES_AGGRESSIVE;
				GCC_WARN_UNUSED_FUNCTION = YES;
				GCC_WARN_UNUSED_VARIABLE = YES;
				IPHONEOS_DEPLOYMENT_TARGET = 15.5;
				MTL_ENABLE_DEBUG_INFO = NO;
				MTL_FAST_MATH = YES;
				SDKROOT = iphoneos;
				SWIFT_COMPILATION_MODE = wholemodule;
				SWIFT_OPTIMIZATION_LEVEL = "-O";
				VALIDATE_PRODUCT = YES;
			};
			name = Release;
		};
		0864DA1C28AD1A2600276538 /* Debug */ = {
			isa = XCBuildConfiguration;
			buildSettings = {
				ASSETCATALOG_COMPILER_APPICON_NAME = AppIcon;
				ASSETCATALOG_COMPILER_GLOBAL_ACCENT_COLOR_NAME = AccentColor;
				CODE_SIGN_STYLE = Automatic;
				CURRENT_PROJECT_VERSION = 1;
				DEVELOPMENT_TEAM = 9PF2GLF6PD;
				GENERATE_INFOPLIST_FILE = YES;
				INFOPLIST_FILE = Calcumate/Info.plist;
				INFOPLIST_KEY_UIApplicationSupportsIndirectInputEvents = YES;
				INFOPLIST_KEY_UILaunchStoryboardName = LaunchScreen;
				INFOPLIST_KEY_UIMainStoryboardFile = Main;
				INFOPLIST_KEY_UISupportedInterfaceOrientations_iPad = "UIInterfaceOrientationPortrait UIInterfaceOrientationPortraitUpsideDown UIInterfaceOrientationLandscapeLeft UIInterfaceOrientationLandscapeRight";
				INFOPLIST_KEY_UISupportedInterfaceOrientations_iPhone = "UIInterfaceOrientationPortrait UIInterfaceOrientationLandscapeLeft UIInterfaceOrientationLandscapeRight";
				LD_RUNPATH_SEARCH_PATHS = (
					"$(inherited)",
					"@executable_path/Frameworks",
				);
				MARKETING_VERSION = 1.0;
				PRODUCT_BUNDLE_IDENTIFIER = com.Beavean.Anthony.Calcumate;
				PRODUCT_NAME = "$(TARGET_NAME)";
				SWIFT_EMIT_LOC_STRINGS = YES;
				SWIFT_VERSION = 5.0;
				TARGETED_DEVICE_FAMILY = "1,2";
			};
			name = Debug;
		};
		0864DA1D28AD1A2600276538 /* Release */ = {
			isa = XCBuildConfiguration;
			buildSettings = {
				ASSETCATALOG_COMPILER_APPICON_NAME = AppIcon;
				ASSETCATALOG_COMPILER_GLOBAL_ACCENT_COLOR_NAME = AccentColor;
				CODE_SIGN_STYLE = Automatic;
				CURRENT_PROJECT_VERSION = 1;
				DEVELOPMENT_TEAM = 9PF2GLF6PD;
				GENERATE_INFOPLIST_FILE = YES;
				INFOPLIST_FILE = Calcumate/Info.plist;
				INFOPLIST_KEY_UIApplicationSupportsIndirectInputEvents = YES;
				INFOPLIST_KEY_UILaunchStoryboardName = LaunchScreen;
				INFOPLIST_KEY_UIMainStoryboardFile = Main;
				INFOPLIST_KEY_UISupportedInterfaceOrientations_iPad = "UIInterfaceOrientationPortrait UIInterfaceOrientationPortraitUpsideDown UIInterfaceOrientationLandscapeLeft UIInterfaceOrientationLandscapeRight";
				INFOPLIST_KEY_UISupportedInterfaceOrientations_iPhone = "UIInterfaceOrientationPortrait UIInterfaceOrientationLandscapeLeft UIInterfaceOrientationLandscapeRight";
				LD_RUNPATH_SEARCH_PATHS = (
					"$(inherited)",
					"@executable_path/Frameworks",
				);
				MARKETING_VERSION = 1.0;
				PRODUCT_BUNDLE_IDENTIFIER = com.Beavean.Anthony.Calcumate;
				PRODUCT_NAME = "$(TARGET_NAME)";
				SWIFT_EMIT_LOC_STRINGS = YES;
				SWIFT_VERSION = 5.0;
				TARGETED_DEVICE_FAMILY = "1,2";
			};
			name = Release;
		};
		0864DA3128AE420600276538 /* Debug */ = {
			isa = XCBuildConfiguration;
			buildSettings = {
				CODE_SIGN_STYLE = Automatic;
				CURRENT_PROJECT_VERSION = 1;
				DEVELOPMENT_TEAM = 9PF2GLF6PD;
				GENERATE_INFOPLIST_FILE = YES;
				MARKETING_VERSION = 1.0;
				PRODUCT_BUNDLE_IDENTIFIER = com.Beavean.Anthony.CalcumateUITests;
				PRODUCT_NAME = "$(TARGET_NAME)";
				SWIFT_EMIT_LOC_STRINGS = NO;
				SWIFT_VERSION = 5.0;
				TARGETED_DEVICE_FAMILY = "1,2";
				TEST_TARGET_NAME = Calcumate;
			};
			name = Debug;
		};
		0864DA3228AE420600276538 /* Release */ = {
			isa = XCBuildConfiguration;
			buildSettings = {
				CODE_SIGN_STYLE = Automatic;
				CURRENT_PROJECT_VERSION = 1;
				DEVELOPMENT_TEAM = 9PF2GLF6PD;
				GENERATE_INFOPLIST_FILE = YES;
				MARKETING_VERSION = 1.0;
				PRODUCT_BUNDLE_IDENTIFIER = com.Beavean.Anthony.CalcumateUITests;
				PRODUCT_NAME = "$(TARGET_NAME)";
				SWIFT_EMIT_LOC_STRINGS = NO;
				SWIFT_VERSION = 5.0;
				TARGETED_DEVICE_FAMILY = "1,2";
				TEST_TARGET_NAME = Calcumate;
			};
			name = Release;
		};
		0864DA3E28AE422E00276538 /* Debug */ = {
			isa = XCBuildConfiguration;
			buildSettings = {
				BUNDLE_LOADER = "$(TEST_HOST)";
				CODE_SIGN_STYLE = Automatic;
				CURRENT_PROJECT_VERSION = 1;
				DEVELOPMENT_TEAM = 9PF2GLF6PD;
				GENERATE_INFOPLIST_FILE = YES;
				MARKETING_VERSION = 1.0;
				PRODUCT_BUNDLE_IDENTIFIER = com.Beavean.Anthony.CalcumateTests;
				PRODUCT_NAME = "$(TARGET_NAME)";
				SWIFT_EMIT_LOC_STRINGS = NO;
				SWIFT_VERSION = 5.0;
				TARGETED_DEVICE_FAMILY = "1,2";
				TEST_HOST = "$(BUILT_PRODUCTS_DIR)/Calcumate.app/Calcumate";
			};
			name = Debug;
		};
		0864DA3F28AE422E00276538 /* Release */ = {
			isa = XCBuildConfiguration;
			buildSettings = {
				BUNDLE_LOADER = "$(TEST_HOST)";
				CODE_SIGN_STYLE = Automatic;
				CURRENT_PROJECT_VERSION = 1;
				DEVELOPMENT_TEAM = 9PF2GLF6PD;
				GENERATE_INFOPLIST_FILE = YES;
				MARKETING_VERSION = 1.0;
				PRODUCT_BUNDLE_IDENTIFIER = com.Beavean.Anthony.CalcumateTests;
				PRODUCT_NAME = "$(TARGET_NAME)";
				SWIFT_EMIT_LOC_STRINGS = NO;
				SWIFT_VERSION = 5.0;
				TARGETED_DEVICE_FAMILY = "1,2";
				TEST_HOST = "$(BUILT_PRODUCTS_DIR)/Calcumate.app/Calcumate";
			};
			name = Release;
		};
/* End XCBuildConfiguration section */

/* Begin XCConfigurationList section */
		0864D9FF28AD1A2400276538 /* Build configuration list for PBXProject "Calcumate" */ = {
			isa = XCConfigurationList;
			buildConfigurations = (
				0864DA1928AD1A2600276538 /* Debug */,
				0864DA1A28AD1A2600276538 /* Release */,
			);
			defaultConfigurationIsVisible = 0;
			defaultConfigurationName = Release;
		};
		0864DA1B28AD1A2600276538 /* Build configuration list for PBXNativeTarget "Calcumate" */ = {
			isa = XCConfigurationList;
			buildConfigurations = (
				0864DA1C28AD1A2600276538 /* Debug */,
				0864DA1D28AD1A2600276538 /* Release */,
			);
			defaultConfigurationIsVisible = 0;
			defaultConfigurationName = Release;
		};
		0864DA3028AE420600276538 /* Build configuration list for PBXNativeTarget "CalcumateUITests" */ = {
			isa = XCConfigurationList;
			buildConfigurations = (
				0864DA3128AE420600276538 /* Debug */,
				0864DA3228AE420600276538 /* Release */,
			);
			defaultConfigurationIsVisible = 0;
			defaultConfigurationName = Release;
		};
		0864DA3D28AE422E00276538 /* Build configuration list for PBXNativeTarget "CalcumateTests" */ = {
			isa = XCConfigurationList;
			buildConfigurations = (
				0864DA3E28AE422E00276538 /* Debug */,
				0864DA3F28AE422E00276538 /* Release */,
			);
			defaultConfigurationIsVisible = 0;
			defaultConfigurationName = Release;
		};
/* End XCConfigurationList section */
	};
	rootObject = 0864D9FC28AD1A2400276538 /* Project object */;
}
